// !$*UTF8*$!
{
	archiveVersion = 1;
	classes = {
	};
	objectVersion = 70;
	objects = {

/* Begin PBXBuildFile section */
		5FA1B2C3D4E5F607080900A1 /* SquirrelTrapApp.swift in Sources */ = {isa = PBXBuildFile; fileRef = 5FA1B2C3D4E5F6070809000B /* SquirrelTrapApp.swift */; };
		5FA1B2C3D4E5F607080900A2 /* AppSwitchMonitor.swift in Sources */ = {isa = PBXBuildFile; fileRef = 5FA1B2C3D4E5F6070809000F /* AppSwitchMonitor.swift */; };
		5FA1B2C3D4E5F607080900A3 /* PermissionManager.swift in Sources */ = {isa = PBXBuildFile; fileRef = 5FA1B2C3D4E5F60708090010 /* PermissionManager.swift */; };
		5FA1B2C3D4E5F607080900A4 /* PanelController.swift in Sources */ = {isa = PBXBuildFile; fileRef = 5FA1B2C3D4E5F60708090011 /* PanelController.swift */; };
		5FA1B2C3D4E5F607080900A5 /* LaunchAtLoginManager.swift in Sources */ = {isa = PBXBuildFile; fileRef = 5FA1B2C3D4E5F60708090012 /* LaunchAtLoginManager.swift */; };
		5FA1B2C3D4E5F607080900A6 /* IntentEntry.swift in Sources */ = {isa = PBXBuildFile; fileRef = 5FA1B2C3D4E5F60708090013 /* IntentEntry.swift */; };
		5FA1B2C3D4E5F607080900A7 /* IntentStore.swift in Sources */ = {isa = PBXBuildFile; fileRef = 5FA1B2C3D4E5F60708090014 /* IntentStore.swift */; };
		5FA1B2C3D4E5F607080900A8 /* PromptPanelView.swift in Sources */ = {isa = PBXBuildFile; fileRef = 5FA1B2C3D4E5F60708090015 /* PromptPanelView.swift */; };
		5FA1B2C3D4E5F607080900A9 /* IntentRowView.swift in Sources */ = {isa = PBXBuildFile; fileRef = 5FA1B2C3D4E5F60708090016 /* IntentRowView.swift */; };
		5FA1B2C3D4E5F607080900AA /* PermissionRequestView.swift in Sources */ = {isa = PBXBuildFile; fileRef = 5FA1B2C3D4E5F60708090017 /* PermissionRequestView.swift */; };
		5FA1B2C3D4E5F607080900AC /* PromptPanelViewModel.swift in Sources */ = {isa = PBXBuildFile; fileRef = 5FA1B2C3D4E5F60708090019 /* PromptPanelViewModel.swift */; };
		5FA1B2C3D4E5F607080900AD /* Assets.xcassets in Resources */ = {isa = PBXBuildFile; fileRef = 5FA1B2C3D4E5F6070809000E /* Assets.xcassets */; };
		5FA1B2C3D4E5F607080900AE /* AppPreferences.swift in Sources */ = {isa = PBXBuildFile; fileRef = 5FA1B2C3D4E5F6070809001A /* AppPreferences.swift */; };
		5FA1B2C3D4E5F607080900AF /* PreferencesHotkeyMonitor.swift in Sources */ = {isa = PBXBuildFile; fileRef = 5FA1B2C3D4E5F6070809001B /* PreferencesHotkeyMonitor.swift */; };
		5FA1B2C3D4E5F607080900B0 /* PreferencesView.swift in Sources */ = {isa = PBXBuildFile; fileRef = 5FA1B2C3D4E5F6070809001C /* PreferencesView.swift */; };
		5FA1B2C3D4E5F607080900B2 /* KofiButton.swift in Sources */ = {isa = PBXBuildFile; fileRef = 5FA1B2C3D4E5F6070809001E /* KofiButton.swift */; };
		5FA1B2C3D4E5F607080900B3 /* GlassTheme.swift in Sources */ = {isa = PBXBuildFile; fileRef = 5FA1B2C3D4E5F6070809001F /* GlassTheme.swift */; };
		5FA1B2C3D4E5F607080900B4 /* ReminderScheduler.swift in Sources */ = {isa = PBXBuildFile; fileRef = 5FA1B2C3D4E5F60708090020 /* ReminderScheduler.swift */; };
		5FA1B2C3D4E5F607080900B5 /* TimeoutComboBox.swift in Sources */ = {isa = PBXBuildFile; fileRef = 5FA1B2C3D4E5F60708090021 /* TimeoutComboBox.swift */; };
		5FA1B2C3D4E5F607080900B6 /* PendingRowView.swift in Sources */ = {isa = PBXBuildFile; fileRef = 5FA1B2C3D4E5F60708090022 /* PendingRowView.swift */; };
		5FA1B2C3D4E5F607080900B7 /* ReminderSyncEngine.swift in Sources */ = {isa = PBXBuildFile; fileRef = 5FA1B2C3D4E5F60708090023 /* ReminderSyncEngine.swift */; };
		5FA1B2C3D4E5F607080900B8 /* ReminderSyncPreferencesView.swift in Sources */ = {isa = PBXBuildFile; fileRef = 5FA1B2C3D4E5F60708090024 /* ReminderSyncPreferencesView.swift */; };
		5FA1B2C3D4E5F607080900B9 /* SnoozeButton.swift in Sources */ = {isa = PBXBuildFile; fileRef = 5FA1B2C3D4E5F60708090025 /* SnoozeButton.swift */; };
		5FA1B2C3D4E5F607080900BA /* CloudSyncEngine.swift in Sources */ = {isa = PBXBuildFile; fileRef = 5FA1B2C3D4E5F60708090026 /* CloudSyncEngine.swift */; };
		5FA1B2C3D4E5F607080900BB /* DebugLog.swift in Sources */ = {isa = PBXBuildFile; fileRef = 5FA1B2C3D4E5F60708090031 /* DebugLog.swift */; };
		5FA1B2C3D4E5F607080900BC /* UpdateChecker.swift in Sources */ = {isa = PBXBuildFile; fileRef = 5FA1B2C3D4E5F60708090032 /* UpdateChecker.swift */; };
		5FA1B2C3D4E5F607080900BD /* PreferencesTab.swift in Sources */ = {isa = PBXBuildFile; fileRef = 5FA1B2C3D4E5F60708090033 /* PreferencesTab.swift */; };
		5FA1B2C3D4E5F607080900BE /* PreferencesGeneralTab.swift in Sources */ = {isa = PBXBuildFile; fileRef = 5FA1B2C3D4E5F60708090034 /* PreferencesGeneralTab.swift */; };
		5FA1B2C3D4E5F607080900BF /* PreferencesAppearanceTab.swift in Sources */ = {isa = PBXBuildFile; fileRef = 5FA1B2C3D4E5F60708090035 /* PreferencesAppearanceTab.swift */; };
		5FA1B2C3D4E5F607080900C0 /* PreferencesSyncTab.swift in Sources */ = {isa = PBXBuildFile; fileRef = 5FA1B2C3D4E5F60708090036 /* PreferencesSyncTab.swift */; };
		5FA1B2C3D4E5F607080900C1 /* TodoColorTag.swift in Sources */ = {isa = PBXBuildFile; fileRef = 5FA1B2C3D4E5F60708090037 /* TodoColorTag.swift */; };
		5FA1B2C3D4E5F607080900C2 /* ActivityStats.swift in Sources */ = {isa = PBXBuildFile; fileRef = 5FA1B2C3D4E5F60708090038 /* ActivityStats.swift */; };
		5FA1B2C3D4E5F607080900C3 /* PreferencesActivityTab.swift in Sources */ = {isa = PBXBuildFile; fileRef = 5FA1B2C3D4E5F60708090039 /* PreferencesActivityTab.swift */; };
		5FA1B2C3D4E5F607080900C4 /* DebugBuildTag.swift in Sources */ = {isa = PBXBuildFile; fileRef = 5FA1B2C3D4E5F6070809003A /* DebugBuildTag.swift */; };
		5FA1B2C3D4E5F607080900C5 /* CelebrationTiming.swift in Sources */ = {isa = PBXBuildFile; fileRef = 5FA1B2C3D4E5F6070809003B /* CelebrationTiming.swift */; };
		5FA1B2C3D4E5F607080900C6 /* ColorTagGridPicker.swift in Sources */ = {isa = PBXBuildFile; fileRef = 5FA1B2C3D4E5F6070809003C /* ColorTagGridPicker.swift */; };
		5FA1B2C3D4E5F607080900C7 /* OnboardingView.swift in Sources */ = {isa = PBXBuildFile; fileRef = 5FA1B2C3D4E5F6070809003D /* OnboardingView.swift */; };
		5FA1B2C3D4E5F607080900C8 /* HelpTip.swift in Sources */ = {isa = PBXBuildFile; fileRef = 5FA1B2C3D4E5F6070809003E /* HelpTip.swift */; };
		5FA1B2C3D4E5F607080900C9 /* CoachTip.swift in Sources */ = {isa = PBXBuildFile; fileRef = 5FA1B2C3D4E5F6070809003F /* CoachTip.swift */; };
		5FA1B2C3D4E5F607080900CA /* CoachTipBubble.swift in Sources */ = {isa = PBXBuildFile; fileRef = 5FA1B2C3D4E5F60708090040 /* CoachTipBubble.swift */; };
		5FA1B2C3D4E5F607080900CB /* WidgetSnapshot.swift in Sources */ = {isa = PBXBuildFile; fileRef = 5FA1B2C3D4E5F60708090041 /* WidgetSnapshot.swift */; };
		5FA1B2C3D4E5F607080900CC /* WidgetSnapshot.swift in Sources */ = {isa = PBXBuildFile; fileRef = 5FA1B2C3D4E5F60708090041 /* WidgetSnapshot.swift */; };
		884D03743033989B000A8F6A /* WidgetKit.framework in Frameworks */ = {isa = PBXBuildFile; fileRef = 884D03733033989B000A8F6A /* WidgetKit.framework */; };
		884D03763033989B000A8F6A /* SwiftUI.framework in Frameworks */ = {isa = PBXBuildFile; fileRef = 884D03753033989B000A8F6A /* SwiftUI.framework */; };
		884D03833033989D000A8F6A /* SquirrelTrapWidgetExtension.appex in Embed Foundation Extensions */ = {isa = PBXBuildFile; fileRef = 884D03713033989B000A8F6A /* SquirrelTrapWidgetExtension.appex */; settings = {ATTRIBUTES = (RemoveHeadersOnCopy, ); }; };
/* End PBXBuildFile section */

/* Begin PBXContainerItemProxy section */
		884D03813033989D000A8F6A /* PBXContainerItemProxy */ = {
			isa = PBXContainerItemProxy;
			containerPortal = 5FA1B2C3D4E5F60708090001 /* Project object */;
			proxyType = 1;
			remoteGlobalIDString = 884D03703033989B000A8F6A;
			remoteInfo = SquirrelTrapWidgetExtension;
		};
/* End PBXContainerItemProxy section */

/* Begin PBXCopyFilesBuildPhase section */
		884D03843033989D000A8F6A /* Embed Foundation Extensions */ = {
			isa = PBXCopyFilesBuildPhase;
			buildActionMask = 2147483647;
			dstPath = "";
			dstSubfolderSpec = 13;
			files = (
				884D03833033989D000A8F6A /* SquirrelTrapWidgetExtension.appex in Embed Foundation Extensions */,
			);
			name = "Embed Foundation Extensions";
			runOnlyForDeploymentPostprocessing = 0;
		};
/* End PBXCopyFilesBuildPhase section */

/* Begin PBXFileReference section */
		5FA1B2C3D4E5F60708090003 /* SquirrelTrap.app */ = {isa = PBXFileReference; explicitFileType = wrapper.application; includeInIndex = 0; path = SquirrelTrap.app; sourceTree = BUILT_PRODUCTS_DIR; };
		5FA1B2C3D4E5F6070809000B /* SquirrelTrapApp.swift */ = {isa = PBXFileReference; lastKnownFileType = sourcecode.swift; path = SquirrelTrapApp.swift; sourceTree = "<group>"; };
		5FA1B2C3D4E5F6070809000C /* Info.plist */ = {isa = PBXFileReference; lastKnownFileType = text.plist.xml; path = Info.plist; sourceTree = "<group>"; };
		5FA1B2C3D4E5F6070809000D /* SquirrelTrap.entitlements */ = {isa = PBXFileReference; lastKnownFileType = text.plist.entitlements; path = SquirrelTrap.entitlements; sourceTree = "<group>"; };
		5FA1B2C3D4E5F6070809000E /* Assets.xcassets */ = {isa = PBXFileReference; lastKnownFileType = folder.assetcatalog; path = Assets.xcassets; sourceTree = "<group>"; };
		5FA1B2C3D4E5F6070809000F /* AppSwitchMonitor.swift */ = {isa = PBXFileReference; lastKnownFileType = sourcecode.swift; path = AppSwitchMonitor.swift; sourceTree = "<group>"; };
		5FA1B2C3D4E5F60708090010 /* PermissionManager.swift */ = {isa = PBXFileReference; lastKnownFileType = sourcecode.swift; path = PermissionManager.swift; sourceTree = "<group>"; };
		5FA1B2C3D4E5F60708090011 /* PanelController.swift */ = {isa = PBXFileReference; lastKnownFileType = sourcecode.swift; path = PanelController.swift; sourceTree = "<group>"; };
		5FA1B2C3D4E5F60708090012 /* LaunchAtLoginManager.swift */ = {isa = PBXFileReference; lastKnownFileType = sourcecode.swift; path = LaunchAtLoginManager.swift; sourceTree = "<group>"; };
		5FA1B2C3D4E5F60708090013 /* IntentEntry.swift */ = {isa = PBXFileReference; lastKnownFileType = sourcecode.swift; path = IntentEntry.swift; sourceTree = "<group>"; };
		5FA1B2C3D4E5F60708090014 /* IntentStore.swift */ = {isa = PBXFileReference; lastKnownFileType = sourcecode.swift; path = IntentStore.swift; sourceTree = "<group>"; };
		5FA1B2C3D4E5F60708090015 /* PromptPanelView.swift */ = {isa = PBXFileReference; lastKnownFileType = sourcecode.swift; path = PromptPanelView.swift; sourceTree = "<group>"; };
		5FA1B2C3D4E5F60708090016 /* IntentRowView.swift */ = {isa = PBXFileReference; lastKnownFileType = sourcecode.swift; path = IntentRowView.swift; sourceTree = "<group>"; };
		5FA1B2C3D4E5F60708090017 /* PermissionRequestView.swift */ = {isa = PBXFileReference; lastKnownFileType = sourcecode.swift; path = PermissionRequestView.swift; sourceTree = "<group>"; };
		5FA1B2C3D4E5F60708090019 /* PromptPanelViewModel.swift */ = {isa = PBXFileReference; lastKnownFileType = sourcecode.swift; path = PromptPanelViewModel.swift; sourceTree = "<group>"; };
		5FA1B2C3D4E5F6070809001A /* AppPreferences.swift */ = {isa = PBXFileReference; lastKnownFileType = sourcecode.swift; path = AppPreferences.swift; sourceTree = "<group>"; };
		5FA1B2C3D4E5F6070809001B /* PreferencesHotkeyMonitor.swift */ = {isa = PBXFileReference; lastKnownFileType = sourcecode.swift; path = PreferencesHotkeyMonitor.swift; sourceTree = "<group>"; };
		5FA1B2C3D4E5F6070809001C /* PreferencesView.swift */ = {isa = PBXFileReference; lastKnownFileType = sourcecode.swift; path = PreferencesView.swift; sourceTree = "<group>"; };
		5FA1B2C3D4E5F6070809001E /* KofiButton.swift */ = {isa = PBXFileReference; lastKnownFileType = sourcecode.swift; path = KofiButton.swift; sourceTree = "<group>"; };
		5FA1B2C3D4E5F6070809001F /* GlassTheme.swift */ = {isa = PBXFileReference; lastKnownFileType = sourcecode.swift; path = GlassTheme.swift; sourceTree = "<group>"; };
		5FA1B2C3D4E5F60708090020 /* ReminderScheduler.swift */ = {isa = PBXFileReference; lastKnownFileType = sourcecode.swift; path = ReminderScheduler.swift; sourceTree = "<group>"; };
		5FA1B2C3D4E5F60708090021 /* TimeoutComboBox.swift */ = {isa = PBXFileReference; lastKnownFileType = sourcecode.swift; path = TimeoutComboBox.swift; sourceTree = "<group>"; };
		5FA1B2C3D4E5F60708090022 /* PendingRowView.swift */ = {isa = PBXFileReference; lastKnownFileType = sourcecode.swift; path = PendingRowView.swift; sourceTree = "<group>"; };
		5FA1B2C3D4E5F60708090023 /* ReminderSyncEngine.swift */ = {isa = PBXFileReference; lastKnownFileType = sourcecode.swift; path = ReminderSyncEngine.swift; sourceTree = "<group>"; };
		5FA1B2C3D4E5F60708090024 /* ReminderSyncPreferencesView.swift */ = {isa = PBXFileReference; lastKnownFileType = sourcecode.swift; path = ReminderSyncPreferencesView.swift; sourceTree = "<group>"; };
		5FA1B2C3D4E5F60708090025 /* SnoozeButton.swift */ = {isa = PBXFileReference; lastKnownFileType = sourcecode.swift; path = SnoozeButton.swift; sourceTree = "<group>"; };
		5FA1B2C3D4E5F60708090026 /* CloudSyncEngine.swift */ = {isa = PBXFileReference; lastKnownFileType = sourcecode.swift; path = CloudSyncEngine.swift; sourceTree = "<group>"; };
		5FA1B2C3D4E5F60708090030 /* SquirrelTrap-Release.entitlements */ = {isa = PBXFileReference; lastKnownFileType = text.plist.entitlements; path = "SquirrelTrap-Release.entitlements"; sourceTree = "<group>"; };
		5FA1B2C3D4E5F60708090031 /* DebugLog.swift */ = {isa = PBXFileReference; lastKnownFileType = sourcecode.swift; path = DebugLog.swift; sourceTree = "<group>"; };
		5FA1B2C3D4E5F60708090032 /* UpdateChecker.swift */ = {isa = PBXFileReference; lastKnownFileType = sourcecode.swift; path = UpdateChecker.swift; sourceTree = "<group>"; };
		5FA1B2C3D4E5F60708090033 /* PreferencesTab.swift */ = {isa = PBXFileReference; lastKnownFileType = sourcecode.swift; path = PreferencesTab.swift; sourceTree = "<group>"; };
		5FA1B2C3D4E5F60708090034 /* PreferencesGeneralTab.swift */ = {isa = PBXFileReference; lastKnownFileType = sourcecode.swift; path = PreferencesGeneralTab.swift; sourceTree = "<group>"; };
		5FA1B2C3D4E5F60708090035 /* PreferencesAppearanceTab.swift */ = {isa = PBXFileReference; lastKnownFileType = sourcecode.swift; path = PreferencesAppearanceTab.swift; sourceTree = "<group>"; };
		5FA1B2C3D4E5F60708090036 /* PreferencesSyncTab.swift */ = {isa = PBXFileReference; lastKnownFileType = sourcecode.swift; path = PreferencesSyncTab.swift; sourceTree = "<group>"; };
		5FA1B2C3D4E5F60708090037 /* TodoColorTag.swift */ = {isa = PBXFileReference; lastKnownFileType = sourcecode.swift; path = TodoColorTag.swift; sourceTree = "<group>"; };
		5FA1B2C3D4E5F60708090038 /* ActivityStats.swift */ = {isa = PBXFileReference; lastKnownFileType = sourcecode.swift; path = ActivityStats.swift; sourceTree = "<group>"; };
		5FA1B2C3D4E5F60708090039 /* PreferencesActivityTab.swift */ = {isa = PBXFileReference; lastKnownFileType = sourcecode.swift; path = PreferencesActivityTab.swift; sourceTree = "<group>"; };
		5FA1B2C3D4E5F6070809003A /* DebugBuildTag.swift */ = {isa = PBXFileReference; lastKnownFileType = sourcecode.swift; path = DebugBuildTag.swift; sourceTree = "<group>"; };
		5FA1B2C3D4E5F6070809003B /* CelebrationTiming.swift */ = {isa = PBXFileReference; lastKnownFileType = sourcecode.swift; path = CelebrationTiming.swift; sourceTree = "<group>"; };
		5FA1B2C3D4E5F6070809003C /* ColorTagGridPicker.swift */ = {isa = PBXFileReference; lastKnownFileType = sourcecode.swift; path = ColorTagGridPicker.swift; sourceTree = "<group>"; };
		5FA1B2C3D4E5F6070809003D /* OnboardingView.swift */ = {isa = PBXFileReference; lastKnownFileType = sourcecode.swift; path = OnboardingView.swift; sourceTree = "<group>"; };
		5FA1B2C3D4E5F6070809003E /* HelpTip.swift */ = {isa = PBXFileReference; lastKnownFileType = sourcecode.swift; path = HelpTip.swift; sourceTree = "<group>"; };
		5FA1B2C3D4E5F6070809003F /* CoachTip.swift */ = {isa = PBXFileReference; lastKnownFileType = sourcecode.swift; path = CoachTip.swift; sourceTree = "<group>"; };
		5FA1B2C3D4E5F60708090040 /* CoachTipBubble.swift */ = {isa = PBXFileReference; lastKnownFileType = sourcecode.swift; path = CoachTipBubble.swift; sourceTree = "<group>"; };
		5FA1B2C3D4E5F60708090041 /* WidgetSnapshot.swift */ = {isa = PBXFileReference; lastKnownFileType = sourcecode.swift; path = WidgetSnapshot.swift; sourceTree = "<group>"; };
		884D03713033989B000A8F6A /* SquirrelTrapWidgetExtension.appex */ = {isa = PBXFileReference; explicitFileType = "wrapper.app-extension"; includeInIndex = 0; path = SquirrelTrapWidgetExtension.appex; sourceTree = BUILT_PRODUCTS_DIR; };
		884D03733033989B000A8F6A /* WidgetKit.framework */ = {isa = PBXFileReference; lastKnownFileType = wrapper.framework; name = WidgetKit.framework; path = System/Library/Frameworks/WidgetKit.framework; sourceTree = SDKROOT; };
		884D03753033989B000A8F6A /* SwiftUI.framework */ = {isa = PBXFileReference; lastKnownFileType = wrapper.framework; name = SwiftUI.framework; path = System/Library/Frameworks/SwiftUI.framework; sourceTree = SDKROOT; };
		884D0389303398FC000A8F6A /* SquirrelTrapWidgetExtension.entitlements */ = {isa = PBXFileReference; lastKnownFileType = text.plist.entitlements; path = SquirrelTrapWidgetExtension.entitlements; sourceTree = "<group>"; };
/* End PBXFileReference section */

/* Begin PBXFileSystemSynchronizedBuildFileExceptionSet section */
		884D03873033989D000A8F6A /* PBXFileSystemSynchronizedBuildFileExceptionSet */ = {
			isa = PBXFileSystemSynchronizedBuildFileExceptionSet;
			membershipExceptions = (
				Info.plist,
			);
			target = 884D03703033989B000A8F6A /* SquirrelTrapWidgetExtension */;
		};
/* End PBXFileSystemSynchronizedBuildFileExceptionSet section */

/* Begin PBXFileSystemSynchronizedRootGroup section */
		884D03773033989B000A8F6A /* SquirrelTrapWidget */ = {isa = PBXFileSystemSynchronizedRootGroup; exceptions = (884D03873033989D000A8F6A /* PBXFileSystemSynchronizedBuildFileExceptionSet */, ); explicitFileTypes = {}; explicitFolders = (); path = SquirrelTrapWidget; sourceTree = "<group>"; };
/* End PBXFileSystemSynchronizedRootGroup section */

/* Begin PBXFrameworksBuildPhase section */
		5FA1B2C3D4E5F60708090029 /* Frameworks */ = {
			isa = PBXFrameworksBuildPhase;
			buildActionMask = 2147483647;
			files = (
			);
			runOnlyForDeploymentPostprocessing = 0;
		};
		884D036E3033989B000A8F6A /* Frameworks */ = {
			isa = PBXFrameworksBuildPhase;
			buildActionMask = 2147483647;
			files = (
				884D03763033989B000A8F6A /* SwiftUI.framework in Frameworks */,
				884D03743033989B000A8F6A /* WidgetKit.framework in Frameworks */,
			);
			runOnlyForDeploymentPostprocessing = 0;
		};
/* End PBXFrameworksBuildPhase section */

/* Begin PBXGroup section */
		5FA1B2C3D4E5F60708090004 = {
			isa = PBXGroup;
			children = (
				884D0389303398FC000A8F6A /* SquirrelTrapWidgetExtension.entitlements */,
				5FA1B2C3D4E5F60708090006 /* SquirrelTrap */,
				884D03773033989B000A8F6A /* SquirrelTrapWidget */,
				884D03723033989B000A8F6A /* Frameworks */,
				5FA1B2C3D4E5F60708090005 /* Products */,
			);
			sourceTree = "<group>";
		};
		5FA1B2C3D4E5F60708090005 /* Products */ = {
			isa = PBXGroup;
			children = (
				5FA1B2C3D4E5F60708090003 /* SquirrelTrap.app */,
				884D03713033989B000A8F6A /* SquirrelTrapWidgetExtension.appex */,
			);
			name = Products;
			sourceTree = "<group>";
		};
		5FA1B2C3D4E5F60708090006 /* SquirrelTrap */ = {
			isa = PBXGroup;
			children = (
				5FA1B2C3D4E5F6070809000B /* SquirrelTrapApp.swift */,
				5FA1B2C3D4E5F60708090007 /* Core */,
				5FA1B2C3D4E5F60708090008 /* Persistence */,
				5FA1B2C3D4E5F60708090009 /* Views */,
				5FA1B2C3D4E5F6070809000E /* Assets.xcassets */,
				5FA1B2C3D4E5F6070809000C /* Info.plist */,
				5FA1B2C3D4E5F6070809000D /* SquirrelTrap.entitlements */,
				5FA1B2C3D4E5F60708090030 /* SquirrelTrap-Release.entitlements */,
			);
			path = SquirrelTrap;
			sourceTree = "<group>";
		};
		5FA1B2C3D4E5F60708090007 /* Core */ = {
			isa = PBXGroup;
			children = (
				5FA1B2C3D4E5F6070809000F /* AppSwitchMonitor.swift */,
				5FA1B2C3D4E5F60708090010 /* PermissionManager.swift */,
				5FA1B2C3D4E5F60708090011 /* PanelController.swift */,
				5FA1B2C3D4E5F60708090012 /* LaunchAtLoginManager.swift */,
				5FA1B2C3D4E5F6070809001A /* AppPreferences.swift */,
				5FA1B2C3D4E5F6070809001B /* PreferencesHotkeyMonitor.swift */,
				5FA1B2C3D4E5F60708090020 /* ReminderScheduler.swift */,
				5FA1B2C3D4E5F60708090023 /* ReminderSyncEngine.swift */,
				5FA1B2C3D4E5F60708090026 /* CloudSyncEngine.swift */,
				5FA1B2C3D4E5F60708090031 /* DebugLog.swift */,
				5FA1B2C3D4E5F60708090032 /* UpdateChecker.swift */,
				5FA1B2C3D4E5F60708090038 /* ActivityStats.swift */,
				5FA1B2C3D4E5F6070809003A /* DebugBuildTag.swift */,
				5FA1B2C3D4E5F6070809003B /* CelebrationTiming.swift */,
				5FA1B2C3D4E5F6070809003F /* CoachTip.swift */,
				5FA1B2C3D4E5F60708090041 /* WidgetSnapshot.swift */,
			);
			path = Core;
			sourceTree = "<group>";
		};
		5FA1B2C3D4E5F60708090008 /* Persistence */ = {
			isa = PBXGroup;
			children = (
				5FA1B2C3D4E5F60708090013 /* IntentEntry.swift */,
				5FA1B2C3D4E5F60708090014 /* IntentStore.swift */,
				5FA1B2C3D4E5F60708090037 /* TodoColorTag.swift */,
			);
			path = Persistence;
			sourceTree = "<group>";
		};
		5FA1B2C3D4E5F60708090009 /* Views */ = {
			isa = PBXGroup;
			children = (
				5FA1B2C3D4E5F60708090019 /* PromptPanelViewModel.swift */,
				5FA1B2C3D4E5F60708090015 /* PromptPanelView.swift */,
				5FA1B2C3D4E5F60708090016 /* IntentRowView.swift */,
				5FA1B2C3D4E5F6070809003C /* ColorTagGridPicker.swift */,
				5FA1B2C3D4E5F6070809003D /* OnboardingView.swift */,
				5FA1B2C3D4E5F6070809003E /* HelpTip.swift */,
				5FA1B2C3D4E5F60708090040 /* CoachTipBubble.swift */,
				5FA1B2C3D4E5F60708090022 /* PendingRowView.swift */,
				5FA1B2C3D4E5F60708090017 /* PermissionRequestView.swift */,
				5FA1B2C3D4E5F6070809001C /* PreferencesView.swift */,
				5FA1B2C3D4E5F60708090033 /* PreferencesTab.swift */,
				5FA1B2C3D4E5F60708090034 /* PreferencesGeneralTab.swift */,
				5FA1B2C3D4E5F60708090035 /* PreferencesAppearanceTab.swift */,
				5FA1B2C3D4E5F60708090036 /* PreferencesSyncTab.swift */,
				5FA1B2C3D4E5F60708090039 /* PreferencesActivityTab.swift */,
				5FA1B2C3D4E5F60708090024 /* ReminderSyncPreferencesView.swift */,
				5FA1B2C3D4E5F6070809001E /* KofiButton.swift */,
				5FA1B2C3D4E5F60708090025 /* SnoozeButton.swift */,
				5FA1B2C3D4E5F6070809001F /* GlassTheme.swift */,
				5FA1B2C3D4E5F60708090021 /* TimeoutComboBox.swift */,
			);
			path = Views;
			sourceTree = "<group>";
		};
		884D03723033989B000A8F6A /* Frameworks */ = {
			isa = PBXGroup;
			children = (
				884D03733033989B000A8F6A /* WidgetKit.framework */,
				884D03753033989B000A8F6A /* SwiftUI.framework */,
			);
			name = Frameworks;
			sourceTree = "<group>";
		};
/* End PBXGroup section */

/* Begin PBXNativeTarget section */
		5FA1B2C3D4E5F60708090002 /* SquirrelTrap */ = {
			isa = PBXNativeTarget;
			buildConfigurationList = 5FA1B2C3D4E5F6070809002D /* Build configuration list for PBXNativeTarget "SquirrelTrap" */;
			buildPhases = (
				5FA1B2C3D4E5F60708090029 /* Frameworks */,
				5FA1B2C3D4E5F60708090027 /* Sources */,
				5FA1B2C3D4E5F60708090028 /* Resources */,
				884D03843033989D000A8F6A /* Embed Foundation Extensions */,
			);
			buildRules = (
			);
			dependencies = (
				884D03823033989D000A8F6A /* PBXTargetDependency */,
			);
			name = SquirrelTrap;
			productName = SquirrelTrap;
			productReference = 5FA1B2C3D4E5F60708090003 /* SquirrelTrap.app */;
			productType = "com.apple.product-type.application";
		};
		884D03703033989B000A8F6A /* SquirrelTrapWidgetExtension */ = {
			isa = PBXNativeTarget;
			buildConfigurationList = 884D03883033989D000A8F6A /* Build configuration list for PBXNativeTarget "SquirrelTrapWidgetExtension" */;
			buildPhases = (
				884D036D3033989B000A8F6A /* Sources */,
				884D036E3033989B000A8F6A /* Frameworks */,
				884D036F3033989B000A8F6A /* Resources */,
			);
			buildRules = (
			);
			dependencies = (
			);
			fileSystemSynchronizedGroups = (
				884D03773033989B000A8F6A /* SquirrelTrapWidget */,
			);
			name = SquirrelTrapWidgetExtension;
			packageProductDependencies = (
			);
			productName = SquirrelTrapWidgetExtension;
			productReference = 884D03713033989B000A8F6A /* SquirrelTrapWidgetExtension.appex */;
			productType = "com.apple.product-type.app-extension";
		};
/* End PBXNativeTarget section */

/* Begin PBXProject section */
		5FA1B2C3D4E5F60708090001 /* Project object */ = {
			isa = PBXProject;
			attributes = {
				BuildIndependentTargetsInParallel = 1;
				LastSwiftUpdateCheck = 2660;
				LastUpgradeCheck = 2660;
				ORGANIZATIONNAME = "Jeremy Toeman";
				TargetAttributes = {
					5FA1B2C3D4E5F60708090002 = {
						CreatedOnToolsVersion = 15.2;
					};
					884D03703033989B000A8F6A = {
						CreatedOnToolsVersion = 26.6;
					};
				};
			};
			buildConfigurationList = 5FA1B2C3D4E5F6070809002A /* Build configuration list for PBXProject "SquirrelTrap" */;
			compatibilityVersion = "Xcode 14.0";
			developmentRegion = en;
			hasScannedForEncodings = 0;
			knownRegions = (
				en,
				Base,
			);
			mainGroup = 5FA1B2C3D4E5F60708090004;
			productRefGroup = 5FA1B2C3D4E5F60708090005 /* Products */;
			projectDirPath = "";
			projectRoot = "";
			targets = (
				5FA1B2C3D4E5F60708090002 /* SquirrelTrap */,
				884D03703033989B000A8F6A /* SquirrelTrapWidgetExtension */,
			);
		};
/* End PBXProject section */

/* Begin PBXResourcesBuildPhase section */
		5FA1B2C3D4E5F60708090028 /* Resources */ = {
			isa = PBXResourcesBuildPhase;
			buildActionMask = 2147483647;
			files = (
				5FA1B2C3D4E5F607080900AD /* Assets.xcassets in Resources */,
			);
			runOnlyForDeploymentPostprocessing = 0;
		};
		884D036F3033989B000A8F6A /* Resources */ = {
			isa = PBXResourcesBuildPhase;
			buildActionMask = 2147483647;
			files = (
			);
			runOnlyForDeploymentPostprocessing = 0;
		};
/* End PBXResourcesBuildPhase section */

/* Begin PBXSourcesBuildPhase section */
		5FA1B2C3D4E5F60708090027 /* Sources */ = {
			isa = PBXSourcesBuildPhase;
			buildActionMask = 2147483647;
			files = (
				5FA1B2C3D4E5F607080900A1 /* SquirrelTrapApp.swift in Sources */,
				5FA1B2C3D4E5F607080900A2 /* AppSwitchMonitor.swift in Sources */,
				5FA1B2C3D4E5F607080900A3 /* PermissionManager.swift in Sources */,
				5FA1B2C3D4E5F607080900A4 /* PanelController.swift in Sources */,
				5FA1B2C3D4E5F607080900A5 /* LaunchAtLoginManager.swift in Sources */,
				5FA1B2C3D4E5F607080900A6 /* IntentEntry.swift in Sources */,
				5FA1B2C3D4E5F607080900A7 /* IntentStore.swift in Sources */,
				5FA1B2C3D4E5F607080900AC /* PromptPanelViewModel.swift in Sources */,
				5FA1B2C3D4E5F607080900A8 /* PromptPanelView.swift in Sources */,
				5FA1B2C3D4E5F607080900A9 /* IntentRowView.swift in Sources */,
				5FA1B2C3D4E5F607080900AA /* PermissionRequestView.swift in Sources */,
				5FA1B2C3D4E5F607080900AE /* AppPreferences.swift in Sources */,
				5FA1B2C3D4E5F607080900AF /* PreferencesHotkeyMonitor.swift in Sources */,
				5FA1B2C3D4E5F607080900B0 /* PreferencesView.swift in Sources */,
				5FA1B2C3D4E5F607080900B2 /* KofiButton.swift in Sources */,
				5FA1B2C3D4E5F607080900B3 /* GlassTheme.swift in Sources */,
				5FA1B2C3D4E5F607080900B4 /* ReminderScheduler.swift in Sources */,
				5FA1B2C3D4E5F607080900B5 /* TimeoutComboBox.swift in Sources */,
				5FA1B2C3D4E5F607080900B6 /* PendingRowView.swift in Sources */,
				5FA1B2C3D4E5F607080900B7 /* ReminderSyncEngine.swift in Sources */,
				5FA1B2C3D4E5F607080900B8 /* ReminderSyncPreferencesView.swift in Sources */,
				5FA1B2C3D4E5F607080900B9 /* SnoozeButton.swift in Sources */,
				5FA1B2C3D4E5F607080900BA /* CloudSyncEngine.swift in Sources */,
				5FA1B2C3D4E5F607080900BB /* DebugLog.swift in Sources */,
				5FA1B2C3D4E5F607080900BC /* UpdateChecker.swift in Sources */,
				5FA1B2C3D4E5F607080900BD /* PreferencesTab.swift in Sources */,
				5FA1B2C3D4E5F607080900BE /* PreferencesGeneralTab.swift in Sources */,
				5FA1B2C3D4E5F607080900BF /* PreferencesAppearanceTab.swift in Sources */,
				5FA1B2C3D4E5F607080900C0 /* PreferencesSyncTab.swift in Sources */,
				5FA1B2C3D4E5F607080900C1 /* TodoColorTag.swift in Sources */,
				5FA1B2C3D4E5F607080900C2 /* ActivityStats.swift in Sources */,
				5FA1B2C3D4E5F607080900C3 /* PreferencesActivityTab.swift in Sources */,
				5FA1B2C3D4E5F607080900C4 /* DebugBuildTag.swift in Sources */,
				5FA1B2C3D4E5F607080900C5 /* CelebrationTiming.swift in Sources */,
				5FA1B2C3D4E5F607080900C9 /* CoachTip.swift in Sources */,
				5FA1B2C3D4E5F607080900CB /* WidgetSnapshot.swift in Sources */,
				5FA1B2C3D4E5F607080900C6 /* ColorTagGridPicker.swift in Sources */,
				5FA1B2C3D4E5F607080900C7 /* OnboardingView.swift in Sources */,
				5FA1B2C3D4E5F607080900C8 /* HelpTip.swift in Sources */,
				5FA1B2C3D4E5F607080900CA /* CoachTipBubble.swift in Sources */,
			);
			runOnlyForDeploymentPostprocessing = 0;
		};
		884D036D3033989B000A8F6A /* Sources */ = {
			isa = PBXSourcesBuildPhase;
			buildActionMask = 2147483647;
			files = (
				5FA1B2C3D4E5F607080900CC /* WidgetSnapshot.swift in Sources */,
			);
			runOnlyForDeploymentPostprocessing = 0;
		};
/* End PBXSourcesBuildPhase section */

/* Begin PBXTargetDependency section */
		884D03823033989D000A8F6A /* PBXTargetDependency */ = {
			isa = PBXTargetDependency;
			target = 884D03703033989B000A8F6A /* SquirrelTrapWidgetExtension */;
			targetProxy = 884D03813033989D000A8F6A /* PBXContainerItemProxy */;
		};
/* End PBXTargetDependency section */

/* Begin XCBuildConfiguration section */
		5FA1B2C3D4E5F6070809002B /* Debug */ = {
			isa = XCBuildConfiguration;
			buildSettings = {
				ALWAYS_SEARCH_USER_PATHS = NO;
				CLANG_ANALYZER_NONNULL = YES;
				CLANG_ANALYZER_NUMBER_OBJECT_CONVERSION = YES_AGGRESSIVE;
				CLANG_ENABLE_MODULES = YES;
				CLANG_ENABLE_OBJC_ARC = YES;
				CLANG_ENABLE_OBJC_WEAK = YES;
				CLANG_WARN_BLOCK_CAPTURE_AUTORELEASING = YES;
				CLANG_WARN_BOOL_CONVERSION = YES;
				CLANG_WARN_COMMA = YES;
				CLANG_WARN_CONSTANT_CONVERSION = YES;
				CLANG_WARN_DEPRECATED_OBJC_IMPLEMENTATIONS = YES;
				CLANG_WARN_DIRECT_OBJC_ISA_USAGE = YES_ERROR;
				CLANG_WARN_EMPTY_BODY = YES;
				CLANG_WARN_ENUM_CONVERSION = YES;
				CLANG_WARN_INFINITE_RECURSION = YES;
				CLANG_WARN_INT_CONVERSION = YES;
				CLANG_WARN_NON_LITERAL_NULL_CONVERSION = YES;
				CLANG_WARN_OBJC_IMPLICIT_RETAIN_SELF = YES;
				CLANG_WARN_OBJC_LITERAL_CONVERSION = YES;
				CLANG_WARN_OBJC_ROOT_CLASS = YES_ERROR;
				CLANG_WARN_QUOTED_INCLUDE_IN_FRAMEWORK_HEADER = YES;
				CLANG_WARN_RANGE_LOOP_ANALYSIS = YES;
				CLANG_WARN_STRICT_PROTOTYPES = YES;
				CLANG_WARN_SUSPICIOUS_MOVE = YES;
				CLANG_WARN_UNREACHABLE_CODE = YES;
				CLANG_WARN__DUPLICATE_METHOD_MATCH = YES;
				CODE_SIGN_STYLE = Automatic;
				COPY_PHASE_STRIP = NO;
				DEAD_CODE_STRIPPING = YES;
				DEBUG_INFORMATION_FORMAT = dwarf;
				DEVELOPMENT_TEAM = 3XFL38NZXQ;
				ENABLE_STRICT_OBJC_MSGSEND = YES;
				ENABLE_TESTABILITY = YES;
				ENABLE_USER_SCRIPT_SANDBOXING = YES;
				GCC_C_LANGUAGE_STANDARD = gnu11;
				GCC_DYNAMIC_NO_PIC = NO;
				GCC_NO_COMMON_BLOCKS = YES;
				GCC_OPTIMIZATION_LEVEL = 0;
				GCC_PREPROCESSOR_DEFINITIONS = (
					"DEBUG=1",
					"$(inherited)",
				);
				GCC_WARN_64_TO_32_BIT_CONVERSION = YES;
				GCC_WARN_ABOUT_RETURN_TYPE = YES_ERROR;
				GCC_WARN_UNDECLARED_SELECTOR = YES;
				GCC_WARN_UNINITIALIZED_AUTOS = YES_AGGRESSIVE;
				GCC_WARN_UNUSED_FUNCTION = YES;
				GCC_WARN_UNUSED_VARIABLE = YES;
				MACOSX_DEPLOYMENT_TARGET = 14.0;
				MTL_ENABLE_DEBUG_INFO = INCLUDE_SOURCE;
				MTL_FAST_MATH = YES;
				ONLY_ACTIVE_ARCH = YES;
				SDKROOT = macosx;
				STRING_CATALOG_GENERATE_SYMBOLS = YES;
				SWIFT_ACTIVE_COMPILATION_CONDITIONS = DEBUG;
				SWIFT_OPTIMIZATION_LEVEL = "-Onone";
				SWIFT_VERSION = 5.0;
			};
			name = Debug;
		};
		5FA1B2C3D4E5F6070809002C /* Release */ = {
			isa = XCBuildConfiguration;
			buildSettings = {
				ALWAYS_SEARCH_USER_PATHS = NO;
				CLANG_ANALYZER_NONNULL = YES;
				CLANG_ANALYZER_NUMBER_OBJECT_CONVERSION = YES_AGGRESSIVE;
				CLANG_ENABLE_MODULES = YES;
				CLANG_ENABLE_OBJC_ARC = YES;
				CLANG_ENABLE_OBJC_WEAK = YES;
				CLANG_WARN_BLOCK_CAPTURE_AUTORELEASING = YES;
				CLANG_WARN_BOOL_CONVERSION = YES;
				CLANG_WARN_COMMA = YES;
				CLANG_WARN_CONSTANT_CONVERSION = YES;
				CLANG_WARN_DEPRECATED_OBJC_IMPLEMENTATIONS = YES;
				CLANG_WARN_DIRECT_OBJC_ISA_USAGE = YES_ERROR;
				CLANG_WARN_EMPTY_BODY = YES;
				CLANG_WARN_ENUM_CONVERSION = YES;
				CLANG_WARN_INFINITE_RECURSION = YES;
				CLANG_WARN_INT_CONVERSION = YES;
				CLANG_WARN_NON_LITERAL_NULL_CONVERSION = YES;
				CLANG_WARN_OBJC_IMPLICIT_RETAIN_SELF = YES;
				CLANG_WARN_OBJC_LITERAL_CONVERSION = YES;
				CLANG_WARN_OBJC_ROOT_CLASS = YES_ERROR;
				CLANG_WARN_QUOTED_INCLUDE_IN_FRAMEWORK_HEADER = YES;
				CLANG_WARN_RANGE_LOOP_ANALYSIS = YES;
				CLANG_WARN_STRICT_PROTOTYPES = YES;
				CLANG_WARN_SUSPICIOUS_MOVE = YES;
				CLANG_WARN_UNREACHABLE_CODE = YES;
				CLANG_WARN__DUPLICATE_METHOD_MATCH = YES;
				CODE_SIGN_STYLE = Automatic;
				COPY_PHASE_STRIP = NO;
				DEAD_CODE_STRIPPING = YES;
				DEBUG_INFORMATION_FORMAT = "dwarf-with-dsym";
				DEVELOPMENT_TEAM = 3XFL38NZXQ;
				ENABLE_NS_ASSERTIONS = NO;
				ENABLE_STRICT_OBJC_MSGSEND = YES;
				ENABLE_USER_SCRIPT_SANDBOXING = YES;
				GCC_C_LANGUAGE_STANDARD = gnu11;
				GCC_NO_COMMON_BLOCKS = YES;
				GCC_WARN_64_TO_32_BIT_CONVERSION = YES;
				GCC_WARN_ABOUT_RETURN_TYPE = YES_ERROR;
				GCC_WARN_UNDECLARED_SELECTOR = YES;
				GCC_WARN_UNINITIALIZED_AUTOS = YES_AGGRESSIVE;
				GCC_WARN_UNUSED_FUNCTION = YES;
				GCC_WARN_UNUSED_VARIABLE = YES;
				MACOSX_DEPLOYMENT_TARGET = 14.0;
				MTL_ENABLE_DEBUG_INFO = NO;
				MTL_FAST_MATH = YES;
				SDKROOT = macosx;
				STRING_CATALOG_GENERATE_SYMBOLS = YES;
				SWIFT_COMPILATION_MODE = wholemodule;
				SWIFT_OPTIMIZATION_LEVEL = "-O";
				SWIFT_VERSION = 5.0;
				VALIDATE_PRODUCT = YES;
			};
			name = Release;
		};
		5FA1B2C3D4E5F6070809002E /* Debug */ = {
			isa = XCBuildConfiguration;
			buildSettings = {
				ASSETCATALOG_COMPILER_APPICON_NAME = AppIcon;
				CODE_SIGN_ENTITLEMENTS = SquirrelTrap/SquirrelTrap.entitlements;
				CODE_SIGN_STYLE = Automatic;
				COMBINE_HIDPI_IMAGES = YES;
				CURRENT_PROJECT_VERSION = 8;
				DEAD_CODE_STRIPPING = YES;
				ENABLE_HARDENED_RUNTIME = YES;
				GENERATE_INFOPLIST_FILE = NO;
				INFOPLIST_FILE = SquirrelTrap/Info.plist;
				INFOPLIST_KEY_LSApplicationCategoryType = "public.app-category.productivity";
				LD_RUNPATH_SEARCH_PATHS = (
					"$(inherited)",
					"@executable_path/../Frameworks",
				);
				MACOSX_DEPLOYMENT_TARGET = 14.0;
				MARKETING_VERSION = 1.6.0;
				PRODUCT_BUNDLE_IDENTIFIER = com.jtoeman.squirreltrap;
				PRODUCT_NAME = "$(TARGET_NAME)";
				REGISTER_APP_GROUPS = YES;
				SWIFT_EMIT_LOC_STRINGS = YES;
				SWIFT_VERSION = 5.0;
			};
			name = Debug;
		};
		5FA1B2C3D4E5F6070809002F /* Release */ = {
			isa = XCBuildConfiguration;
			buildSettings = {
				ASSETCATALOG_COMPILER_APPICON_NAME = AppIcon;
				CODE_SIGN_ENTITLEMENTS = "SquirrelTrap/SquirrelTrap-Release.entitlements";
				CODE_SIGN_IDENTITY = "Apple Development";
				CODE_SIGN_STYLE = Automatic;
				COMBINE_HIDPI_IMAGES = YES;
				CURRENT_PROJECT_VERSION = 8;
				DEAD_CODE_STRIPPING = YES;
				ENABLE_HARDENED_RUNTIME = YES;
				GENERATE_INFOPLIST_FILE = NO;
				INFOPLIST_FILE = SquirrelTrap/Info.plist;
				INFOPLIST_KEY_LSApplicationCategoryType = "public.app-category.productivity";
				LD_RUNPATH_SEARCH_PATHS = (
					"$(inherited)",
					"@executable_path/../Frameworks",
				);
				MACOSX_DEPLOYMENT_TARGET = 14.0;
				MARKETING_VERSION = 1.6.0;
				PRODUCT_BUNDLE_IDENTIFIER = com.jtoeman.squirreltrap;
				PRODUCT_NAME = "$(TARGET_NAME)";
				PROVISIONING_PROFILE_SPECIFIER = "";
				REGISTER_APP_GROUPS = YES;
				SWIFT_EMIT_LOC_STRINGS = YES;
				SWIFT_VERSION = 5.0;
			};
			name = Release;
		};
		884D03853033989D000A8F6A /* Debug */ = {
			isa = XCBuildConfiguration;
			buildSettings = {
				ASSETCATALOG_COMPILER_GENERATE_SWIFT_ASSET_SYMBOL_EXTENSIONS = YES;
				ASSETCATALOG_COMPILER_GLOBAL_ACCENT_COLOR_NAME = AccentColor;
				ASSETCATALOG_COMPILER_WIDGET_BACKGROUND_COLOR_NAME = WidgetBackground;
				CLANG_CXX_LANGUAGE_STANDARD = "gnu++20";
				CLANG_WARN_DOCUMENTATION_COMMENTS = YES;
				CLANG_WARN_UNGUARDED_AVAILABILITY = YES_AGGRESSIVE;
				CODE_SIGN_ENTITLEMENTS = SquirrelTrapWidgetExtension.entitlements;
				CODE_SIGN_STYLE = Automatic;
				CURRENT_PROJECT_VERSION = 8;
				ENABLE_APP_SANDBOX = YES;
				ENABLE_HARDENED_RUNTIME = YES;
				GCC_C_LANGUAGE_STANDARD = gnu17;
				GENERATE_INFOPLIST_FILE = YES;
				INFOPLIST_FILE = SquirrelTrapWidget/Info.plist;
				INFOPLIST_KEY_CFBundleDisplayName = SquirrelTrapWidget;
				INFOPLIST_KEY_NSHumanReadableCopyright = "Copyright © 2026 Jeremy Toeman. All rights reserved.";
				LD_RUNPATH_SEARCH_PATHS = (
					"$(inherited)",
					"@executable_path/../Frameworks",
					"@executable_path/../../../../Frameworks",
				);
				LOCALIZATION_PREFERS_STRING_CATALOGS = YES;
				MACOSX_DEPLOYMENT_TARGET = 14.0;
				MARKETING_VERSION = 1.6.0;
				PRODUCT_BUNDLE_IDENTIFIER = com.jtoeman.squirreltrap.SquirrelTrapWidget;
				PRODUCT_NAME = "$(TARGET_NAME)";
				REGISTER_APP_GROUPS = YES;
				SKIP_INSTALL = YES;
				STRING_CATALOG_GENERATE_SYMBOLS = YES;
				SWIFT_ACTIVE_COMPILATION_CONDITIONS = "DEBUG $(inherited)";
				SWIFT_APPROACHABLE_CONCURRENCY = YES;
				SWIFT_EMIT_LOC_STRINGS = YES;
				SWIFT_UPCOMING_FEATURE_MEMBER_IMPORT_VISIBILITY = YES;
				SWIFT_VERSION = 5.0;
			};
			name = Debug;
		};
		884D03863033989D000A8F6A /* Release */ = {
			isa = XCBuildConfiguration;
			buildSettings = {
				ASSETCATALOG_COMPILER_GENERATE_SWIFT_ASSET_SYMBOL_EXTENSIONS = YES;
				ASSETCATALOG_COMPILER_GLOBAL_ACCENT_COLOR_NAME = AccentColor;
				ASSETCATALOG_COMPILER_WIDGET_BACKGROUND_COLOR_NAME = WidgetBackground;
				CLANG_CXX_LANGUAGE_STANDARD = "gnu++20";
				CLANG_WARN_DOCUMENTATION_COMMENTS = YES;
				CLANG_WARN_UNGUARDED_AVAILABILITY = YES_AGGRESSIVE;
				CODE_SIGN_ENTITLEMENTS = SquirrelTrapWidgetExtension.entitlements;
				CODE_SIGN_IDENTITY = "Apple Development";
				CODE_SIGN_STYLE = Automatic;
				CURRENT_PROJECT_VERSION = 8;
				ENABLE_APP_SANDBOX = YES;
				ENABLE_HARDENED_RUNTIME = YES;
				GCC_C_LANGUAGE_STANDARD = gnu17;
				GENERATE_INFOPLIST_FILE = YES;
				INFOPLIST_FILE = SquirrelTrapWidget/Info.plist;
				INFOPLIST_KEY_CFBundleDisplayName = SquirrelTrapWidget;
				INFOPLIST_KEY_NSHumanReadableCopyright = "Copyright © 2026 Jeremy Toeman. All rights reserved.";
				LD_RUNPATH_SEARCH_PATHS = (
					"$(inherited)",
					"@executable_path/../Frameworks",
					"@executable_path/../../../../Frameworks",
				);
				LOCALIZATION_PREFERS_STRING_CATALOGS = YES;
				MACOSX_DEPLOYMENT_TARGET = 14.0;
				MARKETING_VERSION = 1.6.0;
				PRODUCT_BUNDLE_IDENTIFIER = com.jtoeman.squirreltrap.SquirrelTrapWidget;
				PRODUCT_NAME = "$(TARGET_NAME)";
				REGISTER_APP_GROUPS = YES;
				SKIP_INSTALL = YES;
				STRING_CATALOG_GENERATE_SYMBOLS = YES;
				SWIFT_APPROACHABLE_CONCURRENCY = YES;
				SWIFT_EMIT_LOC_STRINGS = YES;
				SWIFT_UPCOMING_FEATURE_MEMBER_IMPORT_VISIBILITY = YES;
				SWIFT_VERSION = 5.0;
			};
			name = Release;
		};
/* End XCBuildConfiguration section */

/* Begin XCConfigurationList section */
		5FA1B2C3D4E5F6070809002A /* Build configuration list for PBXProject "SquirrelTrap" */ = {
			isa = XCConfigurationList;
			buildConfigurations = (
				5FA1B2C3D4E5F6070809002B /* Debug */,
				5FA1B2C3D4E5F6070809002C /* Release */,
			);
			defaultConfigurationIsVisible = 0;
			defaultConfigurationName = Release;
		};
		5FA1B2C3D4E5F6070809002D /* Build configuration list for PBXNativeTarget "SquirrelTrap" */ = {
			isa = XCConfigurationList;
			buildConfigurations = (
				5FA1B2C3D4E5F6070809002E /* Debug */,
				5FA1B2C3D4E5F6070809002F /* Release */,
			);
			defaultConfigurationIsVisible = 0;
			defaultConfigurationName = Release;
		};
		884D03883033989D000A8F6A /* Build configuration list for PBXNativeTarget "SquirrelTrapWidgetExtension" */ = {
			isa = XCConfigurationList;
			buildConfigurations = (
				884D03853033989D000A8F6A /* Debug */,
				884D03863033989D000A8F6A /* Release */,
			);
			defaultConfigurationIsVisible = 0;
			defaultConfigurationName = Release;
		};
/* End XCConfigurationList section */
	};
	rootObject = 5FA1B2C3D4E5F60708090001 /* Project object */;
}
