{
  "originHash" : "51b34069af04ae6cbd6dc365fa43774d5f1618ef02d116a328cadd24958b2d77",
  "pins" : [
    {
      "identity" : "amplitude-swift",
      "kind" : "remoteSourceControl",
      "location" : "https://github.com/amplitude/Amplitude-Swift.git",
      "state" : {
        "revision" : "63a8a83dabeb8ef10096034f4763165ef827f76b",
        "version" : "1.18.7"
      }
    },
    {
      "identity" : "amplitudecore-swift",
      "kind" : "remoteSourceControl",
      "location" : "https://github.com/amplitude/AmplitudeCore-Swift.git",
      "state" : {
        "revision" : "bbad108b92f332fdaa76b67bce3f3ae88015ad0b",
        "version" : "1.4.10"
      }
    },
    {
      "identity" : "analytics-connector-ios",
      "kind" : "remoteSourceControl",
      "location" : "https://github.com/amplitude/analytics-connector-ios.git",
      "state" : {
        "revision" : "982b4c787285d213653bd2a504d6a86b52227cea",
        "version" : "1.3.2"
      }
    }
  ],
  "version" : 3
}
